
Microsoft Visual Studio Solution File, Format Version 12.00
# Visual Studio Version 17
VisualStudioVersion = 17.14.36414.22
MinimumVisualStudioVersion = 10.0.40219.1
Project("{FAE04EC0-301F-11D3-BF4B-00C04F79EFBC}") = "COMP-584-MyServer", "COMP-584-MyServer\COMP-584-MyServer.csproj", "{243B74A9-FB6A-4E89-BFAE-04E783CE685C}"
EndProject
Project("{FAE04EC0-301F-11D3-BF4B-00C04F79EFBC}") = "CarWorldModel", "CarWorldModel\CarWorldModel.csproj", "{52EF8A44-59C0-4214-8162-9B3C38811AC7}"
EndProject
Global
	GlobalSection(SolutionConfigurationPlatforms) = preSolution
		Debug|Any CPU = Debug|Any CPU
		Release|Any CPU = Release|Any CPU
	EndGlobalSection
	GlobalSection(ProjectConfigurationPlatforms) = postSolution
		{243B74A9-FB6A-4E89-BFAE-04E783CE685C}.Debug|Any CPU.ActiveCfg = Debug|Any CPU
		{243B74A9-FB6A-4E89-BFAE-04E783CE685C}.Debug|Any CPU.Build.0 = Debug|Any CPU
		{243B74A9-FB6A-4E89-BFAE-04E783CE685C}.Release|Any CPU.ActiveCfg = Release|Any CPU
		{243B74A9-FB6A-4E89-BFAE-04E783CE685C}.Release|Any CPU.Build.0 = Release|Any CPU
		{52EF8A44-59C0-4214-8162-9B3C38811AC7}.Debug|Any CPU.ActiveCfg = Debug|Any CPU
		{52EF8A44-59C0-4214-8162-9B3C38811AC7}.Debug|Any CPU.Build.0 = Debug|Any CPU
		{52EF8A44-59C0-4214-8162-9B3C38811AC7}.Release|Any CPU.ActiveCfg = Release|Any CPU
		{52EF8A44-59C0-4214-8162-9B3C38811AC7}.Release|Any CPU.Build.0 = Release|Any CPU
	EndGlobalSection
	GlobalSection(SolutionProperties) = preSolution
		HideSolutionNode = FALSE
	EndGlobalSection
	GlobalSection(ExtensibilityGlobals) = postSolution
		SolutionGuid = {7BD4BD10-E91C-4515-BAC3-322836FE418D}
	EndGlobalSection
EndGlobal
